
Microsoft Visual Studio Solution File, Format Version 12.00
# Visual Studio Version 17
VisualStudioVersion = 17.14.36109.1
MinimumVisualStudioVersion = 10.0.40219.1
Project("{2150E333-8FDC-42A3-9474-1A3956D46DE8}") = "src", "src", "{02EA681E-C7D8-13C7-8484-4AC65E1B71E8}"
EndProject
Project("{2150E333-8FDC-42A3-9474-1A3956D46DE8}") = "API", "API", "{BA4EC60B-9571-4C86-9405-1D49960BF607}"
EndProject
Project("{2150E333-8FDC-42A3-9474-1A3956D46DE8}") = "BuildingBlocks", "BuildingBlocks", "{9F07205C-86CE-4994-8A09-BA00B94F02BB}"
EndProject
Project("{FAE04EC0-301F-11D3-BF4B-00C04F79EFBC}") = "NetShop.SharedKernel", "src\BuildingBlocks\NetShop.SharedKernel\NetShop.SharedKernel.csproj", "{1C61DF3A-EA73-4698-9A25-B025F3421EB0}"
EndProject
Project("{2150E333-8FDC-42A3-9474-1A3956D46DE8}") = "Infrastructure", "Infrastructure", "{4BCC2D65-4738-4337-B6FB-413016B5CF18}"
EndProject
Project("{FAE04EC0-301F-11D3-BF4B-00C04F79EFBC}") = "NetShop.Infrastructure.Persistence", "src\Infrastructure\NetShop.Infrastructure.Persistence\NetShop.Infrastructure.Persistence.csproj", "{1371958E-FDE6-4F65-A034-13C96024A448}"
EndProject
Project("{FAE04EC0-301F-11D3-BF4B-00C04F79EFBC}") = "NetShop.WebFramework", "src\API\NetShop.WebFramework\NetShop.WebFramework.csproj", "{52F3ACCE-F3F2-476E-8B3E-81879EEE98AD}"
EndProject
Project("{FAE04EC0-301F-11D3-BF4B-00C04F79EFBC}") = "NetShop.WebAPI", "src\API\NetShop.WebAPI\NetShop.WebAPI.csproj", "{A903E060-A8C5-4F01-A674-A32C5E44337A}"
EndProject
Project("{2150E333-8FDC-42A3-9474-1A3956D46DE8}") = "Core", "Core", "{36CD35D0-B680-4CF2-AF54-A2A45DD2A7FA}"
EndProject
Project("{FAE04EC0-301F-11D3-BF4B-00C04F79EFBC}") = "NetShop.Domain", "src\Core\NetShop.Domain\NetShop.Domain.csproj", "{D0652910-50CF-4E05-894A-75216EFA5B90}"
EndProject
Project("{FAE04EC0-301F-11D3-BF4B-00C04F79EFBC}") = "NetShop.Application", "src\Core\NetShop.Application\NetShop.Application.csproj", "{8376159C-47AF-4B8B-AFD5-50601027E2FC}"
EndProject
Project("{FAE04EC0-301F-11D3-BF4B-00C04F79EFBC}") = "NetShop.Infrastructure.Identity", "src\Infrastructure\NetShop.Infrastructure.Identity\NetShop.Infrastructure.Identity.csproj", "{7BF5ABD3-29DA-46D9-B0F0-0A0251C539BC}"
EndProject
Global
	GlobalSection(SolutionConfigurationPlatforms) = preSolution
		Debug|Any CPU = Debug|Any CPU
		Release|Any CPU = Release|Any CPU
	EndGlobalSection
	GlobalSection(ProjectConfigurationPlatforms) = postSolution
		{1C61DF3A-EA73-4698-9A25-B025F3421EB0}.Debug|Any CPU.ActiveCfg = Debug|Any CPU
		{1C61DF3A-EA73-4698-9A25-B025F3421EB0}.Debug|Any CPU.Build.0 = Debug|Any CPU
		{1C61DF3A-EA73-4698-9A25-B025F3421EB0}.Release|Any CPU.ActiveCfg = Release|Any CPU
		{1C61DF3A-EA73-4698-9A25-B025F3421EB0}.Release|Any CPU.Build.0 = Release|Any CPU
		{1371958E-FDE6-4F65-A034-13C96024A448}.Debug|Any CPU.ActiveCfg = Debug|Any CPU
		{1371958E-FDE6-4F65-A034-13C96024A448}.Debug|Any CPU.Build.0 = Debug|Any CPU
		{1371958E-FDE6-4F65-A034-13C96024A448}.Release|Any CPU.ActiveCfg = Release|Any CPU
		{1371958E-FDE6-4F65-A034-13C96024A448}.Release|Any CPU.Build.0 = Release|Any CPU
		{52F3ACCE-F3F2-476E-8B3E-81879EEE98AD}.Debug|Any CPU.ActiveCfg = Debug|Any CPU
		{52F3ACCE-F3F2-476E-8B3E-81879EEE98AD}.Debug|Any CPU.Build.0 = Debug|Any CPU
		{52F3ACCE-F3F2-476E-8B3E-81879EEE98AD}.Release|Any CPU.ActiveCfg = Release|Any CPU
		{52F3ACCE-F3F2-476E-8B3E-81879EEE98AD}.Release|Any CPU.Build.0 = Release|Any CPU
		{A903E060-A8C5-4F01-A674-A32C5E44337A}.Debug|Any CPU.ActiveCfg = Debug|Any CPU
		{A903E060-A8C5-4F01-A674-A32C5E44337A}.Debug|Any CPU.Build.0 = Debug|Any CPU
		{A903E060-A8C5-4F01-A674-A32C5E44337A}.Release|Any CPU.ActiveCfg = Release|Any CPU
		{A903E060-A8C5-4F01-A674-A32C5E44337A}.Release|Any CPU.Build.0 = Release|Any CPU
		{D0652910-50CF-4E05-894A-75216EFA5B90}.Debug|Any CPU.ActiveCfg = Debug|Any CPU
		{D0652910-50CF-4E05-894A-75216EFA5B90}.Debug|Any CPU.Build.0 = Debug|Any CPU
		{D0652910-50CF-4E05-894A-75216EFA5B90}.Release|Any CPU.ActiveCfg = Release|Any CPU
		{D0652910-50CF-4E05-894A-75216EFA5B90}.Release|Any CPU.Build.0 = Release|Any CPU
		{8376159C-47AF-4B8B-AFD5-50601027E2FC}.Debug|Any CPU.ActiveCfg = Debug|Any CPU
		{8376159C-47AF-4B8B-AFD5-50601027E2FC}.Debug|Any CPU.Build.0 = Debug|Any CPU
		{8376159C-47AF-4B8B-AFD5-50601027E2FC}.Release|Any CPU.ActiveCfg = Release|Any CPU
		{8376159C-47AF-4B8B-AFD5-50601027E2FC}.Release|Any CPU.Build.0 = Release|Any CPU
		{7BF5ABD3-29DA-46D9-B0F0-0A0251C539BC}.Debug|Any CPU.ActiveCfg = Debug|Any CPU
		{7BF5ABD3-29DA-46D9-B0F0-0A0251C539BC}.Debug|Any CPU.Build.0 = Debug|Any CPU
		{7BF5ABD3-29DA-46D9-B0F0-0A0251C539BC}.Release|Any CPU.ActiveCfg = Release|Any CPU
		{7BF5ABD3-29DA-46D9-B0F0-0A0251C539BC}.Release|Any CPU.Build.0 = Release|Any CPU
	EndGlobalSection
	GlobalSection(SolutionProperties) = preSolution
		HideSolutionNode = FALSE
	EndGlobalSection
	GlobalSection(NestedProjects) = preSolution
		{BA4EC60B-9571-4C86-9405-1D49960BF607} = {02EA681E-C7D8-13C7-8484-4AC65E1B71E8}
		{9F07205C-86CE-4994-8A09-BA00B94F02BB} = {02EA681E-C7D8-13C7-8484-4AC65E1B71E8}
		{1C61DF3A-EA73-4698-9A25-B025F3421EB0} = {9F07205C-86CE-4994-8A09-BA00B94F02BB}
		{4BCC2D65-4738-4337-B6FB-413016B5CF18} = {02EA681E-C7D8-13C7-8484-4AC65E1B71E8}
		{1371958E-FDE6-4F65-A034-13C96024A448} = {4BCC2D65-4738-4337-B6FB-413016B5CF18}
		{52F3ACCE-F3F2-476E-8B3E-81879EEE98AD} = {BA4EC60B-9571-4C86-9405-1D49960BF607}
		{A903E060-A8C5-4F01-A674-A32C5E44337A} = {BA4EC60B-9571-4C86-9405-1D49960BF607}
		{36CD35D0-B680-4CF2-AF54-A2A45DD2A7FA} = {02EA681E-C7D8-13C7-8484-4AC65E1B71E8}
		{D0652910-50CF-4E05-894A-75216EFA5B90} = {36CD35D0-B680-4CF2-AF54-A2A45DD2A7FA}
		{8376159C-47AF-4B8B-AFD5-50601027E2FC} = {36CD35D0-B680-4CF2-AF54-A2A45DD2A7FA}
		{7BF5ABD3-29DA-46D9-B0F0-0A0251C539BC} = {4BCC2D65-4738-4337-B6FB-413016B5CF18}
	EndGlobalSection
	GlobalSection(ExtensibilityGlobals) = postSolution
		SolutionGuid = {F01E42D8-176C-4C3F-BBBE-B869354D847F}
	EndGlobalSection
EndGlobal
