
Microsoft Visual Studio Solution File, Format Version 12.00
# Visual Studio Version 17
VisualStudioVersion = 17.14.36109.1
MinimumVisualStudioVersion = 10.0.40219.1
Project("{2150E333-8FDC-42A3-9474-1A3956D46DE8}") = "src", "src", "{02EA681E-C7D8-13C7-8484-4AC65E1B71E8}"
EndProject
Project("{2150E333-8FDC-42A3-9474-1A3956D46DE8}") = "API", "API", "{BA4EC60B-9571-4C86-9405-1D49960BF607}"
EndProject
Project("{2150E333-8FDC-42A3-9474-1A3956D46DE8}") = "BuildingBlocks", "BuildingBlocks", "{9F07205C-86CE-4994-8A09-BA00B94F02BB}"
EndProject
Project("{FAE04EC0-301F-11D3-BF4B-00C04F79EFBC}") = "NetShop.SharedKernel", "src\BuildingBlocks\NetShop.SharedKernel\NetShop.SharedKernel.csproj", "{1C61DF3A-EA73-4698-9A25-B025F3421EB0}"
EndProject
Project("{2150E333-8FDC-42A3-9474-1A3956D46DE8}") = "Domain", "Domain", "{80331061-C06B-46E5-B72F-016DD472D813}"
EndProject
Project("{FAE04EC0-301F-11D3-BF4B-00C04F79EFBC}") = "NetShop.Domain", "src\Domain\NetShop.Domain\NetShop.Domain.csproj", "{F7891AF1-2B20-4B9E-92CF-06A07A8EF793}"
EndProject
Project("{2150E333-8FDC-42A3-9474-1A3956D46DE8}") = "Application", "Application", "{80444BBC-1BAE-4D76-8B03-306B696B3272}"
EndProject
Project("{FAE04EC0-301F-11D3-BF4B-00C04F79EFBC}") = "NetShop.Application", "src\Application\NetShop.Application\NetShop.Application.csproj", "{A296F389-8733-48AD-871F-5C7B01711C99}"
EndProject
Project("{2150E333-8FDC-42A3-9474-1A3956D46DE8}") = "Infrastructure", "Infrastructure", "{4BCC2D65-4738-4337-B6FB-413016B5CF18}"
EndProject
Project("{FAE04EC0-301F-11D3-BF4B-00C04F79EFBC}") = "NetShop.Infrastructure.Persistence", "src\Infrastructure\NetShop.Infrastructure.Persistence\NetShop.Infrastructure.Persistence.csproj", "{1371958E-FDE6-4F65-A034-13C96024A448}"
EndProject
Project("{FAE04EC0-301F-11D3-BF4B-00C04F79EFBC}") = "NetShop.WebFramework", "src\API\NetShop.WebFramework\NetShop.WebFramework.csproj", "{52F3ACCE-F3F2-476E-8B3E-81879EEE98AD}"
EndProject
Project("{FAE04EC0-301F-11D3-BF4B-00C04F79EFBC}") = "NetShop.WebAPI", "src\API\NetShop.WebAPI\NetShop.WebAPI.csproj", "{A903E060-A8C5-4F01-A674-A32C5E44337A}"
EndProject
Global
	GlobalSection(SolutionConfigurationPlatforms) = preSolution
		Debug|Any CPU = Debug|Any CPU
		Release|Any CPU = Release|Any CPU
	EndGlobalSection
	GlobalSection(ProjectConfigurationPlatforms) = postSolution
		{1C61DF3A-EA73-4698-9A25-B025F3421EB0}.Debug|Any CPU.ActiveCfg = Debug|Any CPU
		{1C61DF3A-EA73-4698-9A25-B025F3421EB0}.Debug|Any CPU.Build.0 = Debug|Any CPU
		{1C61DF3A-EA73-4698-9A25-B025F3421EB0}.Release|Any CPU.ActiveCfg = Release|Any CPU
		{1C61DF3A-EA73-4698-9A25-B025F3421EB0}.Release|Any CPU.Build.0 = Release|Any CPU
		{F7891AF1-2B20-4B9E-92CF-06A07A8EF793}.Debug|Any CPU.ActiveCfg = Debug|Any CPU
		{F7891AF1-2B20-4B9E-92CF-06A07A8EF793}.Debug|Any CPU.Build.0 = Debug|Any CPU
		{F7891AF1-2B20-4B9E-92CF-06A07A8EF793}.Release|Any CPU.ActiveCfg = Release|Any CPU
		{F7891AF1-2B20-4B9E-92CF-06A07A8EF793}.Release|Any CPU.Build.0 = Release|Any CPU
		{A296F389-8733-48AD-871F-5C7B01711C99}.Debug|Any CPU.ActiveCfg = Debug|Any CPU
		{A296F389-8733-48AD-871F-5C7B01711C99}.Debug|Any CPU.Build.0 = Debug|Any CPU
		{A296F389-8733-48AD-871F-5C7B01711C99}.Release|Any CPU.ActiveCfg = Release|Any CPU
		{A296F389-8733-48AD-871F-5C7B01711C99}.Release|Any CPU.Build.0 = Release|Any CPU
		{1371958E-FDE6-4F65-A034-13C96024A448}.Debug|Any CPU.ActiveCfg = Debug|Any CPU
		{1371958E-FDE6-4F65-A034-13C96024A448}.Debug|Any CPU.Build.0 = Debug|Any CPU
		{1371958E-FDE6-4F65-A034-13C96024A448}.Release|Any CPU.ActiveCfg = Release|Any CPU
		{1371958E-FDE6-4F65-A034-13C96024A448}.Release|Any CPU.Build.0 = Release|Any CPU
		{52F3ACCE-F3F2-476E-8B3E-81879EEE98AD}.Debug|Any CPU.ActiveCfg = Debug|Any CPU
		{52F3ACCE-F3F2-476E-8B3E-81879EEE98AD}.Debug|Any CPU.Build.0 = Debug|Any CPU
		{52F3ACCE-F3F2-476E-8B3E-81879EEE98AD}.Release|Any CPU.ActiveCfg = Release|Any CPU
		{52F3ACCE-F3F2-476E-8B3E-81879EEE98AD}.Release|Any CPU.Build.0 = Release|Any CPU
		{A903E060-A8C5-4F01-A674-A32C5E44337A}.Debug|Any CPU.ActiveCfg = Debug|Any CPU
		{A903E060-A8C5-4F01-A674-A32C5E44337A}.Debug|Any CPU.Build.0 = Debug|Any CPU
		{A903E060-A8C5-4F01-A674-A32C5E44337A}.Release|Any CPU.ActiveCfg = Release|Any CPU
		{A903E060-A8C5-4F01-A674-A32C5E44337A}.Release|Any CPU.Build.0 = Release|Any CPU
	EndGlobalSection
	GlobalSection(SolutionProperties) = preSolution
		HideSolutionNode = FALSE
	EndGlobalSection
	GlobalSection(NestedProjects) = preSolution
		{BA4EC60B-9571-4C86-9405-1D49960BF607} = {02EA681E-C7D8-13C7-8484-4AC65E1B71E8}
		{9F07205C-86CE-4994-8A09-BA00B94F02BB} = {02EA681E-C7D8-13C7-8484-4AC65E1B71E8}
		{1C61DF3A-EA73-4698-9A25-B025F3421EB0} = {9F07205C-86CE-4994-8A09-BA00B94F02BB}
		{80331061-C06B-46E5-B72F-016DD472D813} = {02EA681E-C7D8-13C7-8484-4AC65E1B71E8}
		{F7891AF1-2B20-4B9E-92CF-06A07A8EF793} = {80331061-C06B-46E5-B72F-016DD472D813}
		{80444BBC-1BAE-4D76-8B03-306B696B3272} = {02EA681E-C7D8-13C7-8484-4AC65E1B71E8}
		{A296F389-8733-48AD-871F-5C7B01711C99} = {80444BBC-1BAE-4D76-8B03-306B696B3272}
		{4BCC2D65-4738-4337-B6FB-413016B5CF18} = {02EA681E-C7D8-13C7-8484-4AC65E1B71E8}
		{1371958E-FDE6-4F65-A034-13C96024A448} = {4BCC2D65-4738-4337-B6FB-413016B5CF18}
		{52F3ACCE-F3F2-476E-8B3E-81879EEE98AD} = {BA4EC60B-9571-4C86-9405-1D49960BF607}
		{A903E060-A8C5-4F01-A674-A32C5E44337A} = {BA4EC60B-9571-4C86-9405-1D49960BF607}
	EndGlobalSection
	GlobalSection(ExtensibilityGlobals) = postSolution
		SolutionGuid = {F01E42D8-176C-4C3F-BBBE-B869354D847F}
	EndGlobalSection
EndGlobal
