
Microsoft Visual Studio Solution File, Format Version 12.00
# Visual Studio Version 17
VisualStudioVersion = 17.14.36109.1 d17.14
MinimumVisualStudioVersion = 10.0.40219.1
Project("{2150E333-8FDC-42A3-9474-1A3956D46DE8}") = "src", "src", "{02EA681E-C7D8-13C7-8484-4AC65E1B71E8}"
EndProject
Project("{2150E333-8FDC-42A3-9474-1A3956D46DE8}") = "API", "API", "{BA4EC60B-9571-4C86-9405-1D49960BF607}"
EndProject
Project("{2150E333-8FDC-42A3-9474-1A3956D46DE8}") = "Modules", "Modules", "{11C10345-E0AB-4FC0-B6B9-ABF5E4E66425}"
EndProject
Project("{2150E333-8FDC-42A3-9474-1A3956D46DE8}") = "BuildingBlocks", "BuildingBlocks", "{9F07205C-86CE-4994-8A09-BA00B94F02BB}"
EndProject
Project("{FAE04EC0-301F-11D3-BF4B-00C04F79EFBC}") = "NetShop.SharedKernel", "src\BuildingBlocks\NetShop.SharedKernel\NetShop.SharedKernel.csproj", "{1C61DF3A-EA73-4698-9A25-B025F3421EB0}"
EndProject
Project("{2150E333-8FDC-42A3-9474-1A3956D46DE8}") = "Catalog", "Catalog", "{C94FE8F6-C56B-4D76-8BE8-AD6EEB23ED8B}"
EndProject
Project("{2150E333-8FDC-42A3-9474-1A3956D46DE8}") = "Sales", "Sales", "{CBE4ADF0-1043-4AD0-BBEB-0AD0155AFC56}"
EndProject
Project("{FAE04EC0-301F-11D3-BF4B-00C04F79EFBC}") = "NetShop.Catalog.Domain", "src\Modules\Catalog\NetShop.Catalog.Domain\NetShop.Catalog.Domain.csproj", "{FD0A0269-B7DD-421E-858C-3F46B8BD3C3F}"
EndProject
Project("{FAE04EC0-301F-11D3-BF4B-00C04F79EFBC}") = "NetShop.Catalog.Application", "src\Modules\Catalog\NetShop.Catalog.Application\NetShop.Catalog.Application.csproj", "{29821335-C8A5-474E-8319-FAB7393EEFB5}"
EndProject
Project("{FAE04EC0-301F-11D3-BF4B-00C04F79EFBC}") = "NetShop.Catalog.Infrastructure", "src\Modules\Catalog\NetShop.Catalog.Infrastructure\NetShop.Catalog.Infrastructure.csproj", "{9D252DF1-409B-4062-BCE0-4E9174D0BB06}"
EndProject
Project("{FAE04EC0-301F-11D3-BF4B-00C04F79EFBC}") = "NetShop.Sales.Domain", "src\Modules\Sales\NetShop.Sales.Domain\NetShop.Sales.Domain.csproj", "{3E54B026-BC11-4EA4-81BB-39BF212E46AB}"
EndProject
Project("{FAE04EC0-301F-11D3-BF4B-00C04F79EFBC}") = "NetShop.Sales.Application", "src\Modules\Sales\NetShop.Sales.Application\NetShop.Sales.Application.csproj", "{8140347B-A585-49D2-8402-FCDF12458FE1}"
EndProject
Project("{FAE04EC0-301F-11D3-BF4B-00C04F79EFBC}") = "NetShop.Sales.Infrastructure", "src\Modules\Sales\NetShop.Sales.Infrastructure\NetShop.Sales.Infrastructure.csproj", "{5CF2D502-2320-4859-835C-3E9DE6F6D3B1}"
EndProject
Project("{FAE04EC0-301F-11D3-BF4B-00C04F79EFBC}") = "NetShop.Bootstrap", "src\API\NetShop.Bootstrap\NetShop.Bootstrap.csproj", "{59472EB2-7549-4B41-B555-D9A5CE80AFE2}"
EndProject
Project("{FAE04EC0-301F-11D3-BF4B-00C04F79EFBC}") = "NetShop.API", "src\API\NetShop.API\NetShop.API.csproj", "{F9D575B7-C8E6-4D19-95EF-7705621FF317}"
EndProject
Global
	GlobalSection(SolutionConfigurationPlatforms) = preSolution
		Debug|Any CPU = Debug|Any CPU
		Release|Any CPU = Release|Any CPU
	EndGlobalSection
	GlobalSection(ProjectConfigurationPlatforms) = postSolution
		{1C61DF3A-EA73-4698-9A25-B025F3421EB0}.Debug|Any CPU.ActiveCfg = Debug|Any CPU
		{1C61DF3A-EA73-4698-9A25-B025F3421EB0}.Debug|Any CPU.Build.0 = Debug|Any CPU
		{1C61DF3A-EA73-4698-9A25-B025F3421EB0}.Release|Any CPU.ActiveCfg = Release|Any CPU
		{1C61DF3A-EA73-4698-9A25-B025F3421EB0}.Release|Any CPU.Build.0 = Release|Any CPU
		{FD0A0269-B7DD-421E-858C-3F46B8BD3C3F}.Debug|Any CPU.ActiveCfg = Debug|Any CPU
		{FD0A0269-B7DD-421E-858C-3F46B8BD3C3F}.Debug|Any CPU.Build.0 = Debug|Any CPU
		{FD0A0269-B7DD-421E-858C-3F46B8BD3C3F}.Release|Any CPU.ActiveCfg = Release|Any CPU
		{FD0A0269-B7DD-421E-858C-3F46B8BD3C3F}.Release|Any CPU.Build.0 = Release|Any CPU
		{29821335-C8A5-474E-8319-FAB7393EEFB5}.Debug|Any CPU.ActiveCfg = Debug|Any CPU
		{29821335-C8A5-474E-8319-FAB7393EEFB5}.Debug|Any CPU.Build.0 = Debug|Any CPU
		{29821335-C8A5-474E-8319-FAB7393EEFB5}.Release|Any CPU.ActiveCfg = Release|Any CPU
		{29821335-C8A5-474E-8319-FAB7393EEFB5}.Release|Any CPU.Build.0 = Release|Any CPU
		{9D252DF1-409B-4062-BCE0-4E9174D0BB06}.Debug|Any CPU.ActiveCfg = Debug|Any CPU
		{9D252DF1-409B-4062-BCE0-4E9174D0BB06}.Debug|Any CPU.Build.0 = Debug|Any CPU
		{9D252DF1-409B-4062-BCE0-4E9174D0BB06}.Release|Any CPU.ActiveCfg = Release|Any CPU
		{9D252DF1-409B-4062-BCE0-4E9174D0BB06}.Release|Any CPU.Build.0 = Release|Any CPU
		{3E54B026-BC11-4EA4-81BB-39BF212E46AB}.Debug|Any CPU.ActiveCfg = Debug|Any CPU
		{3E54B026-BC11-4EA4-81BB-39BF212E46AB}.Debug|Any CPU.Build.0 = Debug|Any CPU
		{3E54B026-BC11-4EA4-81BB-39BF212E46AB}.Release|Any CPU.ActiveCfg = Release|Any CPU
		{3E54B026-BC11-4EA4-81BB-39BF212E46AB}.Release|Any CPU.Build.0 = Release|Any CPU
		{8140347B-A585-49D2-8402-FCDF12458FE1}.Debug|Any CPU.ActiveCfg = Debug|Any CPU
		{8140347B-A585-49D2-8402-FCDF12458FE1}.Debug|Any CPU.Build.0 = Debug|Any CPU
		{8140347B-A585-49D2-8402-FCDF12458FE1}.Release|Any CPU.ActiveCfg = Release|Any CPU
		{8140347B-A585-49D2-8402-FCDF12458FE1}.Release|Any CPU.Build.0 = Release|Any CPU
		{5CF2D502-2320-4859-835C-3E9DE6F6D3B1}.Debug|Any CPU.ActiveCfg = Debug|Any CPU
		{5CF2D502-2320-4859-835C-3E9DE6F6D3B1}.Debug|Any CPU.Build.0 = Debug|Any CPU
		{5CF2D502-2320-4859-835C-3E9DE6F6D3B1}.Release|Any CPU.ActiveCfg = Release|Any CPU
		{5CF2D502-2320-4859-835C-3E9DE6F6D3B1}.Release|Any CPU.Build.0 = Release|Any CPU
		{59472EB2-7549-4B41-B555-D9A5CE80AFE2}.Debug|Any CPU.ActiveCfg = Debug|Any CPU
		{59472EB2-7549-4B41-B555-D9A5CE80AFE2}.Debug|Any CPU.Build.0 = Debug|Any CPU
		{59472EB2-7549-4B41-B555-D9A5CE80AFE2}.Release|Any CPU.ActiveCfg = Release|Any CPU
		{59472EB2-7549-4B41-B555-D9A5CE80AFE2}.Release|Any CPU.Build.0 = Release|Any CPU
		{F9D575B7-C8E6-4D19-95EF-7705621FF317}.Debug|Any CPU.ActiveCfg = Debug|Any CPU
		{F9D575B7-C8E6-4D19-95EF-7705621FF317}.Debug|Any CPU.Build.0 = Debug|Any CPU
		{F9D575B7-C8E6-4D19-95EF-7705621FF317}.Release|Any CPU.ActiveCfg = Release|Any CPU
		{F9D575B7-C8E6-4D19-95EF-7705621FF317}.Release|Any CPU.Build.0 = Release|Any CPU
	EndGlobalSection
	GlobalSection(SolutionProperties) = preSolution
		HideSolutionNode = FALSE
	EndGlobalSection
	GlobalSection(NestedProjects) = preSolution
		{BA4EC60B-9571-4C86-9405-1D49960BF607} = {02EA681E-C7D8-13C7-8484-4AC65E1B71E8}
		{11C10345-E0AB-4FC0-B6B9-ABF5E4E66425} = {02EA681E-C7D8-13C7-8484-4AC65E1B71E8}
		{9F07205C-86CE-4994-8A09-BA00B94F02BB} = {02EA681E-C7D8-13C7-8484-4AC65E1B71E8}
		{1C61DF3A-EA73-4698-9A25-B025F3421EB0} = {9F07205C-86CE-4994-8A09-BA00B94F02BB}
		{C94FE8F6-C56B-4D76-8BE8-AD6EEB23ED8B} = {11C10345-E0AB-4FC0-B6B9-ABF5E4E66425}
		{CBE4ADF0-1043-4AD0-BBEB-0AD0155AFC56} = {11C10345-E0AB-4FC0-B6B9-ABF5E4E66425}
		{FD0A0269-B7DD-421E-858C-3F46B8BD3C3F} = {C94FE8F6-C56B-4D76-8BE8-AD6EEB23ED8B}
		{29821335-C8A5-474E-8319-FAB7393EEFB5} = {C94FE8F6-C56B-4D76-8BE8-AD6EEB23ED8B}
		{9D252DF1-409B-4062-BCE0-4E9174D0BB06} = {C94FE8F6-C56B-4D76-8BE8-AD6EEB23ED8B}
		{3E54B026-BC11-4EA4-81BB-39BF212E46AB} = {CBE4ADF0-1043-4AD0-BBEB-0AD0155AFC56}
		{8140347B-A585-49D2-8402-FCDF12458FE1} = {CBE4ADF0-1043-4AD0-BBEB-0AD0155AFC56}
		{5CF2D502-2320-4859-835C-3E9DE6F6D3B1} = {CBE4ADF0-1043-4AD0-BBEB-0AD0155AFC56}
		{59472EB2-7549-4B41-B555-D9A5CE80AFE2} = {BA4EC60B-9571-4C86-9405-1D49960BF607}
		{F9D575B7-C8E6-4D19-95EF-7705621FF317} = {BA4EC60B-9571-4C86-9405-1D49960BF607}
	EndGlobalSection
	GlobalSection(ExtensibilityGlobals) = postSolution
		SolutionGuid = {F01E42D8-176C-4C3F-BBBE-B869354D847F}
	EndGlobalSection
EndGlobal
